
Microsoft Visual Studio Solution File, Format Version 12.00
# Visual Studio Version 17
VisualStudioVersion = 17.14.37111.16 d17.14
MinimumVisualStudioVersion = 10.0.40219.1
Project("{FAE04EC0-301F-11D3-BF4B-00C04F79EFBC}") = "godot.test", "godot.test.csproj", "{5FBA75B8-51E3-4D03-A5DD-8180ED912961}"
EndProject
Project("{FAE04EC0-301F-11D3-BF4B-00C04F79EFBC}") = "com.cobilas.godot.icomponent", "..\src\com.cobilas.godot.icomponent\com.cobilas.godot.icomponent.csproj", "{B5A9B729-0E16-7039-7602-873E687A469A}"
EndProject
Global
	GlobalSection(SolutionConfigurationPlatforms) = preSolution
		Debug|Any CPU = Debug|Any CPU
		ExportDebug|Any CPU = ExportDebug|Any CPU
		ExportRelease|Any CPU = ExportRelease|Any CPU
		Release|Any CPU = Release|Any CPU
	EndGlobalSection
	GlobalSection(ProjectConfigurationPlatforms) = postSolution
		{5FBA75B8-51E3-4D03-A5DD-8180ED912961}.Debug|Any CPU.ActiveCfg = Debug|Any CPU
		{5FBA75B8-51E3-4D03-A5DD-8180ED912961}.Debug|Any CPU.Build.0 = Debug|Any CPU
		{5FBA75B8-51E3-4D03-A5DD-8180ED912961}.ExportDebug|Any CPU.ActiveCfg = ExportDebug|Any CPU
		{5FBA75B8-51E3-4D03-A5DD-8180ED912961}.ExportDebug|Any CPU.Build.0 = ExportDebug|Any CPU
		{5FBA75B8-51E3-4D03-A5DD-8180ED912961}.ExportRelease|Any CPU.ActiveCfg = ExportRelease|Any CPU
		{5FBA75B8-51E3-4D03-A5DD-8180ED912961}.ExportRelease|Any CPU.Build.0 = ExportRelease|Any CPU
		{5FBA75B8-51E3-4D03-A5DD-8180ED912961}.Release|Any CPU.ActiveCfg = Release|Any CPU
		{5FBA75B8-51E3-4D03-A5DD-8180ED912961}.Release|Any CPU.Build.0 = Release|Any CPU
		{B5A9B729-0E16-7039-7602-873E687A469A}.Debug|Any CPU.ActiveCfg = Debug|Any CPU
		{B5A9B729-0E16-7039-7602-873E687A469A}.Debug|Any CPU.Build.0 = Debug|Any CPU
		{B5A9B729-0E16-7039-7602-873E687A469A}.ExportDebug|Any CPU.ActiveCfg = Debug|Any CPU
		{B5A9B729-0E16-7039-7602-873E687A469A}.ExportDebug|Any CPU.Build.0 = Debug|Any CPU
		{B5A9B729-0E16-7039-7602-873E687A469A}.ExportRelease|Any CPU.ActiveCfg = Release|Any CPU
		{B5A9B729-0E16-7039-7602-873E687A469A}.ExportRelease|Any CPU.Build.0 = Release|Any CPU
		{B5A9B729-0E16-7039-7602-873E687A469A}.Release|Any CPU.ActiveCfg = Release|Any CPU
		{B5A9B729-0E16-7039-7602-873E687A469A}.Release|Any CPU.Build.0 = Release|Any CPU
	EndGlobalSection
	GlobalSection(SolutionProperties) = preSolution
		HideSolutionNode = FALSE
	EndGlobalSection
	GlobalSection(ExtensibilityGlobals) = postSolution
		SolutionGuid = {A4E7DD33-1CE7-4C68-BB1C-6BD10F34B5E5}
	EndGlobalSection
EndGlobal
